
Microsoft Visual Studio Solution File, Format Version 12.00
# Visual Studio 14
VisualStudioVersion = 14.0.25420.1
MinimumVisualStudioVersion = 10.0.40219.1
Project("{FAE04EC0-301F-11D3-BF4B-00C04F79EFBC}") = "Kube.ConsoleApplikation", "Kube.ConsoleApplikation\Kube.ConsoleApplikation.csproj", "{A45D05AB-D848-447E-84F3-35806FDF277F}"
EndProject
Project("{FAE04EC0-301F-11D3-BF4B-00C04F79EFBC}") = "KUBE.Booking.PluginProject", "KUBE.Booking.PluginProject\KUBE.Booking.PluginProject.csproj", "{56E63E6D-35E9-48B5-A549-1321610F197A}"
EndProject
Project("{FAE04EC0-301F-11D3-BF4B-00C04F79EFBC}") = "KUBE.Booking.WorkflowProject", "KUBE.Booking.WorkflowProject\KUBE.Booking.WorkflowProject.csproj", "{2110F684-C277-47E7-B8B9-6F17A579D0CE}"
EndProject
Project("{FAE04EC0-301F-11D3-BF4B-00C04F79EFBC}") = "KUBE.Booking.SolutionPackage", "KUBE.Booking.SolutionPackage\KUBE.Booking.SolutionPackage.csproj", "{B7747AA4-0BF1-4DB9-8725-AC1CF5E1FDA7}"
EndProject
Project("{FAE04EC0-301F-11D3-BF4B-00C04F79EFBC}") = "KUBE.Booking.WebResourceProject", "KUBE.Booking.WebResourceProject\KUBE.Booking.WebResourceProject.csproj", "{68670149-40FE-4EA9-A624-572B2C595F69}"
EndProject
Project("{FAE04EC0-301F-11D3-BF4B-00C04F79EFBC}") = "KUBE.Booking.WorkflowUnitTestProject.Tests", "KUBE.Booking.WorkflowUnitTestProject.Tests\KUBE.Booking.WorkflowUnitTestProject.Tests.csproj", "{BEB2646D-B31B-4E4E-802D-C66FBB5A92C9}"
EndProject
Project("{FAE04EC0-301F-11D3-BF4B-00C04F79EFBC}") = "KUBE.Booking.Core", "KUBE.Booking.Core\KUBE.Booking.Core.csproj", "{B768F635-806D-4ED8-A7DD-2703A628F27D}"
EndProject
Global
	GlobalSection(SolutionConfigurationPlatforms) = preSolution
		Debug|Any CPU = Debug|Any CPU
		Release|Any CPU = Release|Any CPU
	EndGlobalSection
	GlobalSection(ProjectConfigurationPlatforms) = postSolution
		{A45D05AB-D848-447E-84F3-35806FDF277F}.Debug|Any CPU.ActiveCfg = Debug|Any CPU
		{A45D05AB-D848-447E-84F3-35806FDF277F}.Release|Any CPU.ActiveCfg = Release|Any CPU
		{56E63E6D-35E9-48B5-A549-1321610F197A}.Debug|Any CPU.ActiveCfg = Debug|Any CPU
		{56E63E6D-35E9-48B5-A549-1321610F197A}.Release|Any CPU.ActiveCfg = Release|Any CPU
		{2110F684-C277-47E7-B8B9-6F17A579D0CE}.Debug|Any CPU.ActiveCfg = Debug|Any CPU
		{2110F684-C277-47E7-B8B9-6F17A579D0CE}.Release|Any CPU.ActiveCfg = Release|Any CPU
		{B7747AA4-0BF1-4DB9-8725-AC1CF5E1FDA7}.Debug|Any CPU.ActiveCfg = Debug|Any CPU
		{B7747AA4-0BF1-4DB9-8725-AC1CF5E1FDA7}.Release|Any CPU.ActiveCfg = Release|Any CPU
		{68670149-40FE-4EA9-A624-572B2C595F69}.Debug|Any CPU.ActiveCfg = Debug|Any CPU
		{68670149-40FE-4EA9-A624-572B2C595F69}.Debug|Any CPU.Build.0 = Debug|Any CPU
		{68670149-40FE-4EA9-A624-572B2C595F69}.Release|Any CPU.ActiveCfg = Release|Any CPU
		{68670149-40FE-4EA9-A624-572B2C595F69}.Release|Any CPU.Build.0 = Release|Any CPU
		{BEB2646D-B31B-4E4E-802D-C66FBB5A92C9}.Debug|Any CPU.ActiveCfg = Debug|Any CPU
		{BEB2646D-B31B-4E4E-802D-C66FBB5A92C9}.Debug|Any CPU.Build.0 = Debug|Any CPU
		{BEB2646D-B31B-4E4E-802D-C66FBB5A92C9}.Release|Any CPU.ActiveCfg = Release|Any CPU
		{BEB2646D-B31B-4E4E-802D-C66FBB5A92C9}.Release|Any CPU.Build.0 = Release|Any CPU
		{B768F635-806D-4ED8-A7DD-2703A628F27D}.Debug|Any CPU.ActiveCfg = Debug|Any CPU
		{B768F635-806D-4ED8-A7DD-2703A628F27D}.Debug|Any CPU.Build.0 = Debug|Any CPU
		{B768F635-806D-4ED8-A7DD-2703A628F27D}.Release|Any CPU.ActiveCfg = Release|Any CPU
		{B768F635-806D-4ED8-A7DD-2703A628F27D}.Release|Any CPU.Build.0 = Release|Any CPU
	EndGlobalSection
	GlobalSection(SolutionProperties) = preSolution
		HideSolutionNode = FALSE
	EndGlobalSection
EndGlobal
